{
  "name": "PBA_Q4",
  "lockfileVersion": 2,
  "requires": true,
  "packages": {
    "": {
      "dependencies": {
        "uikit": "^3.6.20"
      }
    },
    "node_modules/uikit": {
      "version": "3.6.20",
      "resolved": "https://registry.npmjs.org/uikit/-/uikit-3.6.20.tgz",
      "integrity": "sha512-hq0vjW35JoedfVSjaJx8ZEXrE1hgDF8t1TEBUT6P7V3vepZ5U99rPu3HXl2bzR8c0XC0bdJ9Gcl9i03SsaeFyw=="
    }
  },
  "dependencies": {
    "uikit": {
      "version": "3.6.20",
      "resolved": "https://registry.npmjs.org/uikit/-/uikit-3.6.20.tgz",
      "integrity": "sha512-hq0vjW35JoedfVSjaJx8ZEXrE1hgDF8t1TEBUT6P7V3vepZ5U99rPu3HXl2bzR8c0XC0bdJ9Gcl9i03SsaeFyw=="
    }
  }
}
